
Microsoft Visual Studio Solution File, Format Version 12.00
# Visual Studio Version 17
VisualStudioVersion = 17.14.37301.10 d17.14
MinimumVisualStudioVersion = 10.0.40219.1
Project("{FAE04EC0-301F-11D3-BF4B-00C04F79EFBC}") = "TheEverythingMap", "TheEverythingMap\TheEverythingMap.csproj", "{1161C7FA-3715-4661-9C70-53B101F0A077}"
EndProject
Global
	GlobalSection(SolutionConfigurationPlatforms) = preSolution
		Debug|Any CPU = Debug|Any CPU
		Release|Any CPU = Release|Any CPU
	EndGlobalSection
	GlobalSection(ProjectConfigurationPlatforms) = postSolution
		{1161C7FA-3715-4661-9C70-53B101F0A077}.Debug|Any CPU.ActiveCfg = Debug|Any CPU
		{1161C7FA-3715-4661-9C70-53B101F0A077}.Debug|Any CPU.Build.0 = Debug|Any CPU
		{1161C7FA-3715-4661-9C70-53B101F0A077}.Release|Any CPU.ActiveCfg = Release|Any CPU
		{1161C7FA-3715-4661-9C70-53B101F0A077}.Release|Any CPU.Build.0 = Release|Any CPU
	EndGlobalSection
	GlobalSection(SolutionProperties) = preSolution
		HideSolutionNode = FALSE
	EndGlobalSection
	GlobalSection(ExtensibilityGlobals) = postSolution
		SolutionGuid = {0562AEC6-85AC-4AEF-9377-C8C819D663B2}
	EndGlobalSection
EndGlobal
